
Microsoft Visual Studio Solution File, Format Version 12.00
# Visual Studio Version 16
VisualStudioVersion = 16.0.33529.622
MinimumVisualStudioVersion = 10.0.40219.1
Project("{FAE04EC0-301F-11D3-BF4B-00C04F79EFBC}") = "Storage", "Storage\Storage.csproj", "{460E772D-065E-4361-BB76-8F3D4439A61B}"
EndProject
Global
	GlobalSection(SolutionConfigurationPlatforms) = preSolution
		Debug|Any CPU = Debug|Any CPU
		Release|Any CPU = Release|Any CPU
	EndGlobalSection
	GlobalSection(ProjectConfigurationPlatforms) = postSolution
		{460E772D-065E-4361-BB76-8F3D4439A61B}.Debug|Any CPU.ActiveCfg = Debug|Any CPU
		{460E772D-065E-4361-BB76-8F3D4439A61B}.Debug|Any CPU.Build.0 = Debug|Any CPU
		{460E772D-065E-4361-BB76-8F3D4439A61B}.Release|Any CPU.ActiveCfg = Release|Any CPU
		{460E772D-065E-4361-BB76-8F3D4439A61B}.Release|Any CPU.Build.0 = Release|Any CPU
	EndGlobalSection
	GlobalSection(SolutionProperties) = preSolution
		HideSolutionNode = FALSE
	EndGlobalSection
	GlobalSection(ExtensibilityGlobals) = postSolution
		SolutionGuid = {6EC8DDE1-9174-46E9-95E6-6D25B5C77CC2}
	EndGlobalSection
EndGlobal
